{
  "name": "@ale-rainbow/agi-node",
  "version": "0.0.11-alpha.2",
  "lockfileVersion": 1,
  "requires": true,
  "dependencies": {
    "@ale-rainbow/syncho": {
      "version": "0.2.6",
      "resolved": "https://registry.npmjs.org/@ale-rainbow/syncho/-/syncho-0.2.6.tgz",
      "integrity": "sha512-xd3bFMwRQ+9HulWwpMnmEeXjRzODxMu1H5ElSHj+MMbJT7gKKfhaTpAhau4kPKga8tpM9bm7NQQpBNAqSriSWg==",
      "requires": {
        "fibers": "^4.0.1"
      }
    },
    "asterisk-manager": {
      "version": "0.1.16",
      "resolved": "https://registry.npmjs.org/asterisk-manager/-/asterisk-manager-0.1.16.tgz",
      "integrity": "sha512-JxcgSutGhz6B2XtYkqkOI/sRH3hCGHmeNXuqNBw1JMtDMrRzpfuXB0keH4ouRtQPxdb2LIj83RWdR5uVnFim9A=="
    },
    "detect-libc": {
      "version": "1.0.3",
      "resolved": "https://registry.npmjs.org/detect-libc/-/detect-libc-1.0.3.tgz",
      "integrity": "sha1-+hN8S9aY7fVc1c0CrFWfkaTEups="
    },
    "fibers": {
      "version": "4.0.1",
      "resolved": "https://registry.npmjs.org/fibers/-/fibers-4.0.1.tgz",
      "integrity": "sha512-H79EJn7DMWXk48ygmC82bMP8KNcFBZF1CPfwBpYF6cO85hGWoIrlu7eyX9ayxfjP9Nsl0JXxdI6fpYU4DWVw2w==",
      "requires": {
        "detect-libc": "^1.0.3"
      }
    },
    "sprintf-js": {
      "version": "1.1.1",
      "resolved": "https://registry.npmjs.org/sprintf-js/-/sprintf-js-1.1.1.tgz",
      "integrity": "sha1-Nr54Mgr+WAH2zqPueLblqrlA6gw="
    }
  }
}
