{
  "name": "@ale-rainbow/agi-node",
  "version": "0.0.11-alpha.1",
  "lockfileVersion": 1,
  "requires": true,
  "dependencies": {
    "asterisk-manager": {
      "version": "0.1.16",
      "resolved": "https://registry.npmjs.org/asterisk-manager/-/asterisk-manager-0.1.16.tgz",
      "integrity": "sha512-JxcgSutGhz6B2XtYkqkOI/sRH3hCGHmeNXuqNBw1JMtDMrRzpfuXB0keH4ouRtQPxdb2LIj83RWdR5uVnFim9A=="
    },
    "fibers": {
      "version": "1.0.15",
      "resolved": "https://registry.npmjs.org/fibers/-/fibers-1.0.15.tgz",
      "integrity": "sha1-IvA5yPGLhWGQ+75N7PBWFUwerpw="
    },
    "sprintf-js": {
      "version": "1.1.1",
      "resolved": "https://registry.npmjs.org/sprintf-js/-/sprintf-js-1.1.1.tgz",
      "integrity": "sha1-Nr54Mgr+WAH2zqPueLblqrlA6gw="
    },
    "syncho": {
      "version": "0.2.5",
      "resolved": "https://registry.npmjs.org/syncho/-/syncho-0.2.5.tgz",
      "integrity": "sha1-BFjhOvLKEKxvPDZB7ZP7sLmgO44=",
      "requires": {
        "fibers": "~1.0.5"
      }
    }
  }
}
